
Microsoft Visual Studio Solution File, Format Version 12.00
# Visual Studio Version 17
VisualStudioVersion = 17.10.35027.167
MinimumVisualStudioVersion = 10.0.40219.1
Project("{FAE04EC0-301F-11D3-BF4B-00C04F79EFBC}") = "EFWeb", "EFWeb.csproj", "{057F96BB-6F94-4A95-94D8-E5D97C7ADE75}"
EndProject
Global
	GlobalSection(SolutionConfigurationPlatforms) = preSolution
		Debug|Any CPU = Debug|Any CPU
		Release|Any CPU = Release|Any CPU
	EndGlobalSection
	GlobalSection(ProjectConfigurationPlatforms) = postSolution
		{057F96BB-6F94-4A95-94D8-E5D97C7ADE75}.Debug|Any CPU.ActiveCfg = Debug|Any CPU
		{057F96BB-6F94-4A95-94D8-E5D97C7ADE75}.Debug|Any CPU.Build.0 = Debug|Any CPU
		{057F96BB-6F94-4A95-94D8-E5D97C7ADE75}.Release|Any CPU.ActiveCfg = Release|Any CPU
		{057F96BB-6F94-4A95-94D8-E5D97C7ADE75}.Release|Any CPU.Build.0 = Release|Any CPU
	EndGlobalSection
	GlobalSection(SolutionProperties) = preSolution
		HideSolutionNode = FALSE
	EndGlobalSection
	GlobalSection(ExtensibilityGlobals) = postSolution
		SolutionGuid = {A861BEED-31FD-457D-BDAC-6FB6E8F3CC71}
	EndGlobalSection
EndGlobal
